
Microsoft Visual Studio Solution File, Format Version 12.00
# Visual Studio Version 16
VisualStudioVersion = 16.0.29209.62
MinimumVisualStudioVersion = 10.0.40219.1
Project("{FAE04EC0-301F-11D3-BF4B-00C04F79EFBC}") = "CrowdfundingPlatform", "CrowdfundingPlatform\CrowdfundingPlatform.csproj", "{A69D58DE-70A5-489F-8073-0E268C4EA065}"
EndProject
Global
	GlobalSection(SolutionConfigurationPlatforms) = preSolution
		Debug|Any CPU = Debug|Any CPU
		Release|Any CPU = Release|Any CPU
	EndGlobalSection
	GlobalSection(ProjectConfigurationPlatforms) = postSolution
		{A69D58DE-70A5-489F-8073-0E268C4EA065}.Debug|Any CPU.ActiveCfg = Debug|Any CPU
		{A69D58DE-70A5-489F-8073-0E268C4EA065}.Debug|Any CPU.Build.0 = Debug|Any CPU
		{A69D58DE-70A5-489F-8073-0E268C4EA065}.Release|Any CPU.ActiveCfg = Release|Any CPU
		{A69D58DE-70A5-489F-8073-0E268C4EA065}.Release|Any CPU.Build.0 = Release|Any CPU
	EndGlobalSection
	GlobalSection(SolutionProperties) = preSolution
		HideSolutionNode = FALSE
	EndGlobalSection
	GlobalSection(ExtensibilityGlobals) = postSolution
		SolutionGuid = {D41ED780-E347-4EE6-9436-4CBFE0CE5FDA}
	EndGlobalSection
EndGlobal
